
Microsoft Visual Studio Solution File, Format Version 12.00
# Visual Studio Version 16
VisualStudioVersion = 16.0.31515.178
MinimumVisualStudioVersion = 10.0.40219.1
Project("{FAE04EC0-301F-11D3-BF4B-00C04F79EFBC}") = "ProzoriXYZ", "ProzoriXYZ\ProzoriXYZ.csproj", "{215AE335-4B86-40B1-A226-B0F6F76FDD20}"
EndProject
Global
	GlobalSection(SolutionConfigurationPlatforms) = preSolution
		Debug|Any CPU = Debug|Any CPU
		Release|Any CPU = Release|Any CPU
	EndGlobalSection
	GlobalSection(ProjectConfigurationPlatforms) = postSolution
		{215AE335-4B86-40B1-A226-B0F6F76FDD20}.Debug|Any CPU.ActiveCfg = Debug|Any CPU
		{215AE335-4B86-40B1-A226-B0F6F76FDD20}.Debug|Any CPU.Build.0 = Debug|Any CPU
		{215AE335-4B86-40B1-A226-B0F6F76FDD20}.Release|Any CPU.ActiveCfg = Release|Any CPU
		{215AE335-4B86-40B1-A226-B0F6F76FDD20}.Release|Any CPU.Build.0 = Release|Any CPU
	EndGlobalSection
	GlobalSection(SolutionProperties) = preSolution
		HideSolutionNode = FALSE
	EndGlobalSection
	GlobalSection(ExtensibilityGlobals) = postSolution
		SolutionGuid = {3632EBF8-7E26-4E69-BB13-A00230F978C4}
	EndGlobalSection
EndGlobal
